
Microsoft Visual Studio Solution File, Format Version 12.00
# Visual Studio Version 17
VisualStudioVersion = 17.0.32112.339
MinimumVisualStudioVersion = 10.0.40219.1
Project("{FAE04EC0-301F-11D3-BF4B-00C04F79EFBC}") = "DecoratorPattern", "DecoratorPattern\DecoratorPattern.csproj", "{04C111D9-74E1-47E8-97F3-FF1B993E3212}"
EndProject
Global
	GlobalSection(SolutionConfigurationPlatforms) = preSolution
		Debug|Any CPU = Debug|Any CPU
		Release|Any CPU = Release|Any CPU
	EndGlobalSection
	GlobalSection(ProjectConfigurationPlatforms) = postSolution
		{04C111D9-74E1-47E8-97F3-FF1B993E3212}.Debug|Any CPU.ActiveCfg = Debug|Any CPU
		{04C111D9-74E1-47E8-97F3-FF1B993E3212}.Debug|Any CPU.Build.0 = Debug|Any CPU
		{04C111D9-74E1-47E8-97F3-FF1B993E3212}.Release|Any CPU.ActiveCfg = Release|Any CPU
		{04C111D9-74E1-47E8-97F3-FF1B993E3212}.Release|Any CPU.Build.0 = Release|Any CPU
	EndGlobalSection
	GlobalSection(SolutionProperties) = preSolution
		HideSolutionNode = FALSE
	EndGlobalSection
	GlobalSection(ExtensibilityGlobals) = postSolution
		SolutionGuid = {11793A1E-7307-469E-B1F9-FDFF63AFFA08}
	EndGlobalSection
EndGlobal
